{
  "name": "vue-promise-snapshot",
  "version": "0.0.2",
  "lockfileVersion": 1,
  "requires": true,
  "dependencies": {
    "@babel/helper-validator-identifier": {
      "version": "7.10.4",
      "resolved": "https://registry.npmjs.org/@babel/helper-validator-identifier/-/helper-validator-identifier-7.10.4.tgz",
      "integrity": "sha512-3U9y+43hz7ZM+rzG24Qe2mufW5KhvFg/NhnNph+i9mgCtdTCtMJuI1TMkrIUiK7Ix4PYlRF9I5dhqaLYA/ADXw=="
    },
    "@babel/parser": {
      "version": "7.11.4",
      "resolved": "https://registry.npmjs.org/@babel/parser/-/parser-7.11.4.tgz",
      "integrity": "sha512-MggwidiH+E9j5Sh8pbrX5sJvMcsqS5o+7iB42M9/k0CD63MjYbdP4nhSh7uB5wnv2/RVzTZFTxzF/kIa5mrCqA=="
    },
    "@babel/types": {
      "version": "7.11.0",
      "resolved": "https://registry.npmjs.org/@babel/types/-/types-7.11.0.tgz",
      "integrity": "sha512-O53yME4ZZI0jO1EVGtF1ePGl0LHirG4P1ibcD80XyzZcKhcMFeCXmh4Xb1ifGBIV233Qg12x4rBfQgA+tmOukA==",
      "requires": {
        "@babel/helper-validator-identifier": "^7.10.4",
        "lodash": "^4.17.19",
        "to-fast-properties": "^2.0.0"
      }
    },
    "@vue/compiler-core": {
      "version": "3.0.0-beta.2",
      "resolved": "https://registry.npmjs.org/@vue/compiler-core/-/compiler-core-3.0.0-beta.2.tgz",
      "integrity": "sha512-/c3ePWU9T7xwn0J/YRlxCxnxqphNVlcXisnI6aMoK3pjvQFXOMD6tfrHUtepCrQLNdKlhxNjqe3Q625Z64Z0kQ==",
      "requires": {
        "@babel/parser": "^7.8.6",
        "@babel/types": "^7.8.6",
        "@vue/shared": "3.0.0-beta.2",
        "estree-walker": "^0.8.1",
        "source-map": "^0.6.1"
      }
    },
    "@vue/compiler-dom": {
      "version": "3.0.0-beta.2",
      "resolved": "https://registry.npmjs.org/@vue/compiler-dom/-/compiler-dom-3.0.0-beta.2.tgz",
      "integrity": "sha512-VZwvnsWPoi0/MR5CF5p5VhRGk3AkM9MQYt/pMaXDmbl09kWKVjQZubCRvpzuyjjm1QnV1yrSaqTZWDAIYbKYtw==",
      "requires": {
        "@vue/compiler-core": "3.0.0-beta.2",
        "@vue/shared": "3.0.0-beta.2"
      }
    },
    "@vue/composition-api": {
      "version": "1.0.0-beta.11",
      "resolved": "https://registry.npmjs.org/@vue/composition-api/-/composition-api-1.0.0-beta.11.tgz",
      "integrity": "sha512-WHwX8e1V2NxQtFn7DsgET3QKAfA8kIm13hT4lCdGMAtxbM1dZ/lczF4wdhmkKtKrZiv657aanXV+cgGFF71krg==",
      "requires": {
        "tslib": "^2.0.1"
      }
    },
    "@vue/reactivity": {
      "version": "3.0.0-beta.2",
      "resolved": "https://registry.npmjs.org/@vue/reactivity/-/reactivity-3.0.0-beta.2.tgz",
      "integrity": "sha512-vAYHiBmpHfLAJulssTTTlvdHtyyKeOCG3qCu/TxDhu3NFHEfrt4eytR2atR6EbpTb853/QKcoW3k6L6g/znxAw==",
      "requires": {
        "@vue/shared": "3.0.0-beta.2"
      }
    },
    "@vue/runtime-core": {
      "version": "3.0.0-beta.2",
      "resolved": "https://registry.npmjs.org/@vue/runtime-core/-/runtime-core-3.0.0-beta.2.tgz",
      "integrity": "sha512-tcxNNV7y+H2046F79iw90OdwyxvMEqJ5iOQTsOvfVf2hBNrCWPG1tAU+kywFBlBY4I26k7XB/Q1ZdHb2q8YLaA==",
      "requires": {
        "@vue/reactivity": "3.0.0-beta.2",
        "@vue/shared": "3.0.0-beta.2"
      }
    },
    "@vue/runtime-dom": {
      "version": "3.0.0-beta.2",
      "resolved": "https://registry.npmjs.org/@vue/runtime-dom/-/runtime-dom-3.0.0-beta.2.tgz",
      "integrity": "sha512-swWm7fa3JKEGE0KYVevYqaBTSGxx/bmlwJTbJcnnNgdZZGtWUQsUzXCk6JKRuoYjy+iU0ONcHidEhpwdazH9Aw==",
      "requires": {
        "@vue/runtime-core": "3.0.0-beta.2",
        "@vue/shared": "3.0.0-beta.2",
        "csstype": "^2.6.8"
      }
    },
    "@vue/shared": {
      "version": "3.0.0-beta.2",
      "resolved": "https://registry.npmjs.org/@vue/shared/-/shared-3.0.0-beta.2.tgz",
      "integrity": "sha512-ED5oa+ZOcjAJkWEzL0zFZ4QG89L23DrW9LBBGT6YBUhBmOsf9BKii2JIBfdxWYwRkjAhbHffQH0mc6rI2famug=="
    },
    "csstype": {
      "version": "2.6.13",
      "resolved": "https://registry.npmjs.org/csstype/-/csstype-2.6.13.tgz",
      "integrity": "sha512-ul26pfSQTZW8dcOnD2iiJssfXw0gdNVX9IJDH/X3K5DGPfj+fUYe3kB+swUY6BF3oZDxaID3AJt+9/ojSAE05A=="
    },
    "estree-walker": {
      "version": "0.8.1",
      "resolved": "https://registry.npmjs.org/estree-walker/-/estree-walker-0.8.1.tgz",
      "integrity": "sha512-H6cJORkqvrNziu0KX2hqOMAlA2CiuAxHeGJXSIoKA/KLv229Dw806J3II6mKTm5xiDX1At1EXCfsOQPB+tMB+g=="
    },
    "lodash": {
      "version": "4.17.20",
      "resolved": "https://registry.npmjs.org/lodash/-/lodash-4.17.20.tgz",
      "integrity": "sha512-PlhdFcillOINfeV7Ni6oF1TAEayyZBoZ8bcshTHqOYJYlrqzRK5hagpagky5o4HfCzzd1TRkXPMFq6cKk9rGmA=="
    },
    "source-map": {
      "version": "0.6.1",
      "resolved": "https://registry.npmjs.org/source-map/-/source-map-0.6.1.tgz",
      "integrity": "sha512-UjgapumWlbMhkBgzT7Ykc5YXUT46F0iKu8SGXq0bcwP5dz/h0Plj6enJqjz1Zbq2l5WaqYnrVbwWOWMyF3F47g=="
    },
    "to-fast-properties": {
      "version": "2.0.0",
      "resolved": "https://registry.npmjs.org/to-fast-properties/-/to-fast-properties-2.0.0.tgz",
      "integrity": "sha1-3F5pjL0HkmW8c+A3doGk5Og/YW4="
    },
    "tslib": {
      "version": "2.0.1",
      "resolved": "https://registry.npmjs.org/tslib/-/tslib-2.0.1.tgz",
      "integrity": "sha512-SgIkNheinmEBgx1IUNirK0TUD4X9yjjBRTqqjggWCU3pUEqIk3/Uwl3yRixYKT6WjQuGiwDv4NomL3wqRCj+CQ=="
    },
    "typescript": {
      "version": "4.0.2",
      "resolved": "https://registry.npmjs.org/typescript/-/typescript-4.0.2.tgz",
      "integrity": "sha512-e4ERvRV2wb+rRZ/IQeb3jm2VxBsirQLpQhdxplZ2MEzGvDkkMmPglecnNDfSUBivMjP93vRbngYYDQqQ/78bcQ==",
      "dev": true
    },
    "vue": {
      "version": "3.0.0-beta.2",
      "resolved": "https://registry.npmjs.org/vue/-/vue-3.0.0-beta.2.tgz",
      "integrity": "sha512-/HYhK9i8PWM0fL38YflFK/vY1ots+JyNI2GZa8VtDqj4jD3+2UZ0CH0kjmw9YTmRtHdsU65CXGkVuA3EMV3mXQ==",
      "requires": {
        "@vue/compiler-dom": "3.0.0-beta.2",
        "@vue/runtime-dom": "3.0.0-beta.2",
        "@vue/shared": "3.0.0-beta.2"
      }
    }
  }
}
